
Microsoft Visual Studio Solution File, Format Version 12.00
# Visual Studio Version 17
VisualStudioVersion = 17.0.32126.317
MinimumVisualStudioVersion = 10.0.40219.1
Project("{8BC9CEB8-8B4A-11D0-8D11-00A0C91BC942}") = "STC89C52RC", "STC89C52RC.vcxitems", "{CE5247BB-3C67-46B7-ADEF-881CAA38C8DB}"
EndProject
Project("{FAE04EC0-301F-11D3-BF4B-00C04F79EFBC}") = "ThermometerServer", "ThermometerServer\ThermometerServer.csproj", "{810EC7F3-4C39-4751-A514-131B83CFAD65}"
EndProject
Project("{FAE04EC0-301F-11D3-BF4B-00C04F79EFBC}") = "WebAPI", "WebAPI\WebAPI.csproj", "{1511A825-B4E6-4C51-B954-8B98706D89F5}"
EndProject
Project("{FAE04EC0-301F-11D3-BF4B-00C04F79EFBC}") = "WebAPI.Tests", "WebAPI.Tests\WebAPI.Tests.csproj", "{8E195CE2-9FB5-4DEF-B71D-763D54769351}"
EndProject
Global
	GlobalSection(SolutionConfigurationPlatforms) = preSolution
		Debug|Any CPU = Debug|Any CPU
		Debug|x64 = Debug|x64
		Release|Any CPU = Release|Any CPU
		Release|x64 = Release|x64
	EndGlobalSection
	GlobalSection(ProjectConfigurationPlatforms) = postSolution
		{810EC7F3-4C39-4751-A514-131B83CFAD65}.Debug|Any CPU.ActiveCfg = Debug|x64
		{810EC7F3-4C39-4751-A514-131B83CFAD65}.Debug|x64.ActiveCfg = Debug|x64
		{810EC7F3-4C39-4751-A514-131B83CFAD65}.Debug|x64.Build.0 = Debug|x64
		{810EC7F3-4C39-4751-A514-131B83CFAD65}.Release|Any CPU.ActiveCfg = Release|x64
		{810EC7F3-4C39-4751-A514-131B83CFAD65}.Release|x64.ActiveCfg = Release|x64
		{810EC7F3-4C39-4751-A514-131B83CFAD65}.Release|x64.Build.0 = Release|x64
		{1511A825-B4E6-4C51-B954-8B98706D89F5}.Debug|Any CPU.ActiveCfg = Debug|x64
		{1511A825-B4E6-4C51-B954-8B98706D89F5}.Debug|x64.ActiveCfg = Debug|x64
		{1511A825-B4E6-4C51-B954-8B98706D89F5}.Debug|x64.Build.0 = Debug|x64
		{1511A825-B4E6-4C51-B954-8B98706D89F5}.Release|Any CPU.ActiveCfg = Release|x64
		{1511A825-B4E6-4C51-B954-8B98706D89F5}.Release|x64.ActiveCfg = Release|x64
		{8E195CE2-9FB5-4DEF-B71D-763D54769351}.Debug|Any CPU.ActiveCfg = Debug|x64
		{8E195CE2-9FB5-4DEF-B71D-763D54769351}.Debug|x64.ActiveCfg = Debug|x64
		{8E195CE2-9FB5-4DEF-B71D-763D54769351}.Debug|x64.Build.0 = Debug|x64
		{8E195CE2-9FB5-4DEF-B71D-763D54769351}.Release|Any CPU.ActiveCfg = Release|x64
		{8E195CE2-9FB5-4DEF-B71D-763D54769351}.Release|x64.ActiveCfg = Release|x64
	EndGlobalSection
	GlobalSection(SolutionProperties) = preSolution
		HideSolutionNode = FALSE
	EndGlobalSection
	GlobalSection(ExtensibilityGlobals) = postSolution
		SolutionGuid = {BE4E4C63-3C8F-4A3B-99A4-5E1A721BC516}
	EndGlobalSection
EndGlobal
