
Microsoft Visual Studio Solution File, Format Version 12.00
# Visual Studio Version 17
VisualStudioVersion = 17.0.32126.317
MinimumVisualStudioVersion = 10.0.40219.1
Project("{8BC9CEB8-8B4A-11D0-8D11-00A0C91BC942}") = "STC89C52RC", "STC89C52RC.vcxitems", "{CE5247BB-3C67-46B7-ADEF-881CAA38C8DB}"
EndProject
Global
	GlobalSection(SolutionProperties) = preSolution
		HideSolutionNode = FALSE
	EndGlobalSection
	GlobalSection(ExtensibilityGlobals) = postSolution
		SolutionGuid = {BE4E4C63-3C8F-4A3B-99A4-5E1A721BC516}
	EndGlobalSection
EndGlobal
