<?xml version="1.0" encoding="utf-8"?>
<Project ToolsVersion="4.0" xmlns="http://schemas.microsoft.com/developer/msbuild/2003">
  <ItemGroup>
    <Filter Include="Source Files">
      <UniqueIdentifier>{8059108c-e86a-4afd-b38a-05635208d26b}</UniqueIdentifier>
      <Extensions>*.c</Extensions>
    </Filter>
    <Filter Include="External Dependencies">
      <UniqueIdentifier>{4d25273d-3176-4dae-9d90-5f71bf80bf1d}</UniqueIdentifier>
    </Filter>
    <Filter Include="Header Files">
      <UniqueIdentifier>{4e57b930-e69c-400d-a7b1-57e5a36ae10b}</UniqueIdentifier>
      <Extensions>*.h</Extensions>
    </Filter>
  </ItemGroup>
  <ItemGroup>
    <ClCompile Include="$(MSBuildThisFileDirectory)IIC.c">
      <Filter>Source Files</Filter>
    </ClCompile>
    <ClCompile Include="$(MSBuildThisFileDirectory)main.c">
      <Filter>Source Files</Filter>
    </ClCompile>
    <ClCompile Include="$(MSBuildThisFileDirectory)UART.c">
      <Filter>Source Files</Filter>
    </ClCompile>
    <ClCompile Include="$(MSBuildThisFileDirectory)SHT30.c">
      <Filter>Source Files</Filter>
    </ClCompile>
    <ClCompile Include="$(MSBuildThisFileDirectory)CRC8.c">
      <Filter>Source Files</Filter>
    </ClCompile>
    <ClCompile Include="$(MSBuildThisFileDirectory)Timer0.c">
      <Filter>Source Files</Filter>
    </ClCompile>
    <ClCompile Include="$(MSBuildThisFileDirectory)httpHelper.c">
      <Filter>Source Files</Filter>
    </ClCompile>
  </ItemGroup>
  <ItemGroup>
    <ClInclude Include="$(MSBuildThisFileDirectory)IIC.h">
      <Filter>Header Files</Filter>
    </ClInclude>
    <ClInclude Include="$(MSBuildThisFileDirectory)intrins.h">
      <Filter>External Dependencies</Filter>
    </ClInclude>
    <ClInclude Include="$(MSBuildThisFileDirectory)UART.h">
      <Filter>Header Files</Filter>
    </ClInclude>
    <ClInclude Include="$(MSBuildThisFileDirectory)main.h">
      <Filter>Header Files</Filter>
    </ClInclude>
    <ClInclude Include="$(MSBuildThisFileDirectory)reg52.h">
      <Filter>External Dependencies</Filter>
    </ClInclude>
    <ClInclude Include="$(MSBuildThisFileDirectory)SHT30.h">
      <Filter>Header Files</Filter>
    </ClInclude>
    <ClInclude Include="$(MSBuildThisFileDirectory)CRC8.h">
      <Filter>Header Files</Filter>
    </ClInclude>
    <ClInclude Include="$(MSBuildThisFileDirectory)stdio.h">
      <Filter>External Dependencies</Filter>
    </ClInclude>
    <ClInclude Include="$(MSBuildThisFileDirectory)string.h">
      <Filter>External Dependencies</Filter>
    </ClInclude>
    <ClInclude Include="$(MSBuildThisFileDirectory)Timer0.h">
      <Filter>Header Files</Filter>
    </ClInclude>
    <ClInclude Include="$(MSBuildThisFileDirectory)string.h">
      <Filter>External Dependencies</Filter>
    </ClInclude>
    <ClInclude Include="$(MSBuildThisFileDirectory)stdlib.h">
      <Filter>External Dependencies</Filter>
    </ClInclude>
    <ClInclude Include="$(MSBuildThisFileDirectory)httpHelper.h">
      <Filter>Header Files</Filter>
    </ClInclude>
  </ItemGroup>
</Project>